# THIS IS AN AUTOGENERATED FILE. DO NOT EDIT THIS FILE DIRECTLY.
# yarn lockfile v1


"@types/node-forge@^0.9.2":
  version "0.9.2"
  resolved "https://registry.yarnpkg.com/@types/node-forge/-/node-forge-0.9.2.tgz#79f2e0b2b328c0364f952f51e261404da6244d57"
  integrity sha512-YL4VDQTk5jqeyJiMN+Zxwjk8Z1SQMAohUFY6+a8CyJODJpy2/Zbi5SECqqRMwbnUuDHbv2Ersg2Y+U4mHhat6A==
  dependencies:
    "@types/node" "*"

"@types/node@*":
  version "13.7.1"
  resolved "https://registry.yarnpkg.com/@types/node/-/node-13.7.1.tgz#238eb34a66431b71d2aaddeaa7db166f25971a0d"
  integrity sha512-Zq8gcQGmn4txQEJeiXo/KiLpon8TzAl0kmKH4zdWctPj05nWwp1ClMdAVEloqrQKfaC48PNLdgN/aVaLqUrluA==

"@wulkanowy/uonet-request-signer-node@^0.1.1":
  version "0.1.1"
  resolved "https://registry.yarnpkg.com/@wulkanowy/uonet-request-signer-node/-/uonet-request-signer-node-0.1.1.tgz#123328b0d948e9634ddb01c905e10ca221607f00"
  integrity sha512-LOz116fetynQOcDxMIxPm1GUY1uFsO7NtWRA1xqV4lyhKfecUOejAzFB9VmbCK9iGznyhfyBrR1cEOBSXZShEA==
  dependencies:
    "@wulkanowy/uonet-request-signer" "^0.2.0"
    node-forge "^0.9.0"
    node-webcrypto-ossl "^1.0.48"

"@wulkanowy/uonet-request-signer@^0.2.0":
  version "0.2.1"
  resolved "https://registry.yarnpkg.com/@wulkanowy/uonet-request-signer/-/uonet-request-signer-0.2.1.tgz#21e9d03326d646b10298e79295635260bbb9c11c"
  integrity sha512-Vd7uiGI9iaLPf534/7W8LKk8n2axtMGXWbAOGFg10gtsEEwM4a/A2Z76olXFQKsMpMdWRMeSuTRVJ0psXrF0uw==
  dependencies:
    node-forge "^0.9.0"

axios@^0.19.2:
  version "0.19.2"
  resolved "https://registry.yarnpkg.com/axios/-/axios-0.19.2.tgz#3ea36c5d8818d0d5f8a8a97a6d36b86cdc00cb27"
  integrity sha512-fjgm5MvRHLhx+osE2xoekY70AhARk3a6hkN+3Io1jc00jtquGvxYlKlsFUhmUET0V5te6CcZI7lcv2Ym61mjHA==
  dependencies:
    follow-redirects "1.5.10"

debug@=3.1.0:
  version "3.1.0"
  resolved "https://registry.yarnpkg.com/debug/-/debug-3.1.0.tgz#5bb5a0672628b64149566ba16819e61518c67261"
  integrity sha512-OX8XqP7/1a9cqkxYw2yXss15f26NKWBpDXQd0/uK/KPqdQhxbPa994hnzjcE2VqQpDslf55723cKPUOGSmMY3g==
  dependencies:
    ms "2.0.0"

follow-redirects@1.5.10:
  version "1.5.10"
  resolved "https://registry.yarnpkg.com/follow-redirects/-/follow-redirects-1.5.10.tgz#7b7a9f9aea2fdff36786a94ff643ed07f4ff5e2a"
  integrity sha512-0V5l4Cizzvqt5D44aTXbFZz+FtyXV1vrDN6qrelxtfYQKW0KO0W2T/hkE8xvGa/540LkZlkaUjO4ailYTFtHVQ==
  dependencies:
    debug "=3.1.0"

minimist@0.0.8:
  version "0.0.8"
  resolved "https://registry.yarnpkg.com/minimist/-/minimist-0.0.8.tgz#857fcabfc3397d2625b8228262e86aa7a011b05d"
  integrity sha1-hX/Kv8M5fSYluCKCYuhqp6ARsF0=

mkdirp@^0.5.1:
  version "0.5.1"
  resolved "https://registry.yarnpkg.com/mkdirp/-/mkdirp-0.5.1.tgz#30057438eac6cf7f8c4767f38648d6697d75c903"
  integrity sha1-MAV0OOrGz3+MR2fzhkjWaX11yQM=
  dependencies:
    minimist "0.0.8"

ms@2.0.0:
  version "2.0.0"
  resolved "https://registry.yarnpkg.com/ms/-/ms-2.0.0.tgz#5608aeadfc00be6c2901df5f9861788de0d597c8"
  integrity sha1-VgiurfwAvmwpAd9fmGF4jeDVl8g=

nan@^2.13.2:
  version "2.14.0"
  resolved "https://registry.yarnpkg.com/nan/-/nan-2.14.0.tgz#7818f722027b2459a86f0295d434d1fc2336c52c"
  integrity sha512-INOFj37C7k3AfaNTtX8RhsTw7qRy7eLET14cROi9+5HAVbbHuIWUHEauBv5qT4Av2tWasiTY1Jw6puUNqRJXQg==

node-forge@^0.9.0, node-forge@^0.9.1:
  version "0.9.1"
  resolved "https://registry.yarnpkg.com/node-forge/-/node-forge-0.9.1.tgz#775368e6846558ab6676858a4d8c6e8d16c677b5"
  integrity sha512-G6RlQt5Sb4GMBzXvhfkeFmbqR6MzhtnT7VTHuLadjkii3rdYHNdw0m8zA4BTxVIh68FicCQ2NSUANpsqkr9jvQ==

node-webcrypto-ossl@^1.0.48:
  version "1.0.48"
  resolved "https://registry.yarnpkg.com/node-webcrypto-ossl/-/node-webcrypto-ossl-1.0.48.tgz#640e9547f8ae1d0becc8374a65e1d0e11ab385ea"
  integrity sha512-MWUkQ/5wrs7lpAr+fhsLMfjdxKGd3dQFVqWbNMkyYyCMRW8E7ScailqtCZYDLTnJtU6B+91rXxCJNyZvbYaSOg==
  dependencies:
    mkdirp "^0.5.1"
    nan "^2.13.2"
    tslib "^1.9.3"
    webcrypto-core "^0.1.26"

tslib@^1.7.1, tslib@^1.9.3:
  version "1.10.0"
  resolved "https://registry.yarnpkg.com/tslib/-/tslib-1.10.0.tgz#c3c19f95973fb0a62973fb09d90d961ee43e5c8a"
  integrity sha512-qOebF53frne81cf0S9B41ByenJ3/IuH8yJKngAX35CmiZySA0khhkovshKK+jGCaMnVomla7gVlIcc3EvKPbTQ==

typescript@^3.7.5:
  version "3.7.5"
  resolved "https://registry.yarnpkg.com/typescript/-/typescript-3.7.5.tgz#0692e21f65fd4108b9330238aac11dd2e177a1ae"
  integrity sha512-/P5lkRXkWHNAbcJIiHPfRoKqyd7bsyCma1hZNUGfn20qm64T6ZBlrzprymeu918H+mB/0rIg2gGK/BXkhhYgBw==

uuid@3.4.0:
  version "3.4.0"
  resolved "https://registry.yarnpkg.com/uuid/-/uuid-3.4.0.tgz#b23e4358afa8a202fe7a100af1f5f883f02007ee"
  integrity sha512-HjSDRw6gZE5JMggctHBcjVak08+KEVhSIiDzFnT9S9aegmp85S/bReBVTb4QTFaRNptJ9kuYaNhnbNEOkbKb/A==

uuidv4@^6.0.2:
  version "6.0.2"
  resolved "https://registry.yarnpkg.com/uuidv4/-/uuidv4-6.0.2.tgz#c0154f2592420c523062def3a84fc1cd235259f3"
  integrity sha512-SHfZgAT2pz0TAXtclFMsTrT55U1/HTLg7xSZYDhX953sdcVIJ9lanIs8/BFSjxGmg4cEjc8P7HXPK7EPOD/nfA==
  dependencies:
    uuid "3.4.0"

webcrypto-core@^0.1.26:
  version "0.1.26"
  resolved "https://registry.yarnpkg.com/webcrypto-core/-/webcrypto-core-0.1.26.tgz#977e5cdd9173db6ac8b18414d66ee3759a8b1024"
  integrity sha512-BZVgJZkkHyuz8loKvsaOKiBDXDpmMZf5xG4QAOlSeYdXlFUl9c1FRrVnAXcOdb4fTHMG+TRu81odJwwSfKnWTA==
  dependencies:
    tslib "^1.7.1"
